
Microsoft Visual Studio Solution File, Format Version 12.00
# Visual Studio Version 17
VisualStudioVersion = 17.4.33403.182
MinimumVisualStudioVersion = 10.0.40219.1
Project("{FAE04EC0-301F-11D3-BF4B-00C04F79EFBC}") = "ProMaster.API", "ProMaster.API\ProMaster.API.csproj", "{41D5AFF1-AE41-4D2E-861C-FC5A8ED47B28}"
EndProject
Global
	GlobalSection(SolutionConfigurationPlatforms) = preSolution
		Debug|Any CPU = Debug|Any CPU
		Release|Any CPU = Release|Any CPU
	EndGlobalSection
	GlobalSection(ProjectConfigurationPlatforms) = postSolution
		{41D5AFF1-AE41-4D2E-861C-FC5A8ED47B28}.Debug|Any CPU.ActiveCfg = Debug|Any CPU
		{41D5AFF1-AE41-4D2E-861C-FC5A8ED47B28}.Debug|Any CPU.Build.0 = Debug|Any CPU
		{41D5AFF1-AE41-4D2E-861C-FC5A8ED47B28}.Release|Any CPU.ActiveCfg = Release|Any CPU
		{41D5AFF1-AE41-4D2E-861C-FC5A8ED47B28}.Release|Any CPU.Build.0 = Release|Any CPU
	EndGlobalSection
	GlobalSection(SolutionProperties) = preSolution
		HideSolutionNode = FALSE
	EndGlobalSection
	GlobalSection(ExtensibilityGlobals) = postSolution
		SolutionGuid = {228BB618-9695-49C5-8D6C-ABD64E7CCF3B}
	EndGlobalSection
EndGlobal
